
Microsoft Visual Studio Solution File, Format Version 12.00
# Visual Studio Version 16
VisualStudioVersion = 16.0.30621.155
MinimumVisualStudioVersion = 10.0.40219.1
Project("{FAE04EC0-301F-11D3-BF4B-00C04F79EFBC}") = "redbutton", "redbutton.csproj", "{AF9D7B72-EB2F-4E15-8CBA-A8D6ADAA5DCE}"
EndProject
Global
	GlobalSection(SolutionConfigurationPlatforms) = preSolution
		Debug|Any CPU = Debug|Any CPU
		Release|Any CPU = Release|Any CPU
	EndGlobalSection
	GlobalSection(ProjectConfigurationPlatforms) = postSolution
		{AF9D7B72-EB2F-4E15-8CBA-A8D6ADAA5DCE}.Debug|Any CPU.ActiveCfg = Debug|Any CPU
		{AF9D7B72-EB2F-4E15-8CBA-A8D6ADAA5DCE}.Debug|Any CPU.Build.0 = Debug|Any CPU
		{AF9D7B72-EB2F-4E15-8CBA-A8D6ADAA5DCE}.Release|Any CPU.ActiveCfg = Release|Any CPU
		{AF9D7B72-EB2F-4E15-8CBA-A8D6ADAA5DCE}.Release|Any CPU.Build.0 = Release|Any CPU
	EndGlobalSection
	GlobalSection(SolutionProperties) = preSolution
		HideSolutionNode = FALSE
	EndGlobalSection
	GlobalSection(ExtensibilityGlobals) = postSolution
		SolutionGuid = {8BC2B827-0FCB-492B-A8A4-5D9B63993876}
	EndGlobalSection
EndGlobal
